// !$*UTF8*$!
{
	archiveVersion = 1;
	classes = {
	};
	objectVersion = 46;
	objects = {

/* Begin PBXBuildFile section */
		0A7773C11BA3EA8C00BE2C60 /* AppDelegate.swift in Sources */ = {isa = PBXBuildFile; fileRef = 0A7773C01BA3EA8C00BE2C60 /* AppDelegate.swift */; };
		0A7773C31BA3EA8C00BE2C60 /* ViewController.swift in Sources */ = {isa = PBXBuildFile; fileRef = 0A7773C21BA3EA8C00BE2C60 /* ViewController.swift */; };
		0A7773C61BA3EA8C00BE2C60 /* Main.storyboard in Resources */ = {isa = PBXBuildFile; fileRef = 0A7773C41BA3EA8C00BE2C60 /* Main.storyboard */; };
		0A7773C81BA3EA8C00BE2C60 /* Images.xcassets in Resources */ = {isa = PBXBuildFile; fileRef = 0A7773C71BA3EA8C00BE2C60 /* Images.xcassets */; };
		0A7773CB1BA3EA8C00BE2C60 /* LaunchScreen.xib in Resources */ = {isa = PBXBuildFile; fileRef = 0A7773C91BA3EA8C00BE2C60 /* LaunchScreen.xib */; };
		0A7773D71BA3EA8C00BE2C60 /* BullsEyeTests.swift in Sources */ = {isa = PBXBuildFile; fileRef = 0A7773D61BA3EA8C00BE2C60 /* BullsEyeTests.swift */; };
/* End PBXBuildFile section */

/* Begin PBXContainerItemProxy section */
		0A7773D11BA3EA8C00BE2C60 /* PBXContainerItemProxy */ = {
			isa = PBXContainerItemProxy;
			containerPortal = 0A7773B31BA3EA8C00BE2C60 /* Project object */;
			proxyType = 1;
			remoteGlobalIDString = 0A7773BA1BA3EA8C00BE2C60;
			remoteInfo = BullsEye;
		};
/* End PBXContainerItemProxy section */

/* Begin PBXFileReference section */
		0A7773BB1BA3EA8C00BE2C60 /* BullsEye.app */ = {isa = PBXFileReference; explicitFileType = wrapper.application; includeInIndex = 0; path = BullsEye.app; sourceTree = BUILT_PRODUCTS_DIR; };
		0A7773BF1BA3EA8C00BE2C60 /* Info.plist */ = {isa = PBXFileReference; lastKnownFileType = text.plist.xml; path = Info.plist; sourceTree = "<group>"; };
		0A7773C01BA3EA8C00BE2C60 /* AppDelegate.swift */ = {isa = PBXFileReference; lastKnownFileType = sourcecode.swift; path = AppDelegate.swift; sourceTree = "<group>"; };
		0A7773C21BA3EA8C00BE2C60 /* ViewController.swift */ = {isa = PBXFileReference; lastKnownFileType = sourcecode.swift; path = ViewController.swift; sourceTree = "<group>"; };
		0A7773C51BA3EA8C00BE2C60 /* Base */ = {isa = PBXFileReference; lastKnownFileType = file.storyboard; name = Base; path = Base.lproj/Main.storyboard; sourceTree = "<group>"; };
		0A7773C71BA3EA8C00BE2C60 /* Images.xcassets */ = {isa = PBXFileReference; lastKnownFileType = folder.assetcatalog; path = Images.xcassets; sourceTree = "<group>"; };
		0A7773CA1BA3EA8C00BE2C60 /* Base */ = {isa = PBXFileReference; lastKnownFileType = file.xib; name = Base; path = Base.lproj/LaunchScreen.xib; sourceTree = "<group>"; };
		0A7773D01BA3EA8C00BE2C60 /* BullsEyeTests.xctest */ = {isa = PBXFileReference; explicitFileType = wrapper.cfbundle; includeInIndex = 0; path = BullsEyeTests.xctest; sourceTree = BUILT_PRODUCTS_DIR; };
		0A7773D51BA3EA8C00BE2C60 /* Info.plist */ = {isa = PBXFileReference; lastKnownFileType = text.plist.xml; path = Info.plist; sourceTree = "<group>"; };
		0A7773D61BA3EA8C00BE2C60 /* BullsEyeTests.swift */ = {isa = PBXFileReference; lastKnownFileType = sourcecode.swift; path = BullsEyeTests.swift; sourceTree = "<group>"; };
/* End PBXFileReference section */

/* Begin PBXFrameworksBuildPhase section */
		0A7773B81BA3EA8C00BE2C60 /* Frameworks */ = {
			isa = PBXFrameworksBuildPhase;
			buildActionMask = 2147483647;
			files = (
			);
			runOnlyForDeploymentPostprocessing = 0;
		};
		0A7773CD1BA3EA8C00BE2C60 /* Frameworks */ = {
			isa = PBXFrameworksBuildPhase;
			buildActionMask = 2147483647;
			files = (
			);
			runOnlyForDeploymentPostprocessing = 0;
		};
/* End PBXFrameworksBuildPhase section */

/* Begin PBXGroup section */
		0A7773B21BA3EA8C00BE2C60 = {
			isa = PBXGroup;
			children = (
				0A7773BD1BA3EA8C00BE2C60 /* BullsEye */,
				0A7773D31BA3EA8C00BE2C60 /* BullsEyeTests */,
				0A7773BC1BA3EA8C00BE2C60 /* Products */,
			);
			sourceTree = "<group>";
		};
		0A7773BC1BA3EA8C00BE2C60 /* Products */ = {
			isa = PBXGroup;
			children = (
				0A7773BB1BA3EA8C00BE2C60 /* BullsEye.app */,
				0A7773D01BA3EA8C00BE2C60 /* BullsEyeTests.xctest */,
			);
			name = Products;
			sourceTree = "<group>";
		};
		0A7773BD1BA3EA8C00BE2C60 /* BullsEye */ = {
			isa = PBXGroup;
			children = (
				0A7773C01BA3EA8C00BE2C60 /* AppDelegate.swift */,
				0A7773C21BA3EA8C00BE2C60 /* ViewController.swift */,
				0A7773C41BA3EA8C00BE2C60 /* Main.storyboard */,
				0A7773C71BA3EA8C00BE2C60 /* Images.xcassets */,
				0A7773C91BA3EA8C00BE2C60 /* LaunchScreen.xib */,
				0A7773BE1BA3EA8C00BE2C60 /* Supporting Files */,
			);
			path = BullsEye;
			sourceTree = "<group>";
		};
		0A7773BE1BA3EA8C00BE2C60 /* Supporting Files */ = {
			isa = PBXGroup;
			children = (
				0A7773BF1BA3EA8C00BE2C60 /* Info.plist */,
			);
			name = "Supporting Files";
			sourceTree = "<group>";
		};
		0A7773D31BA3EA8C00BE2C60 /* BullsEyeTests */ = {
			isa = PBXGroup;
			children = (
				0A7773D61BA3EA8C00BE2C60 /* BullsEyeTests.swift */,
				0A7773D41BA3EA8C00BE2C60 /* Supporting Files */,
			);
			path = BullsEyeTests;
			sourceTree = "<group>";
		};
		0A7773D41BA3EA8C00BE2C60 /* Supporting Files */ = {
			isa = PBXGroup;
			children = (
				0A7773D51BA3EA8C00BE2C60 /* Info.plist */,
			);
			name = "Supporting Files";
			sourceTree = "<group>";
		};
/* End PBXGroup section */

/* Begin PBXNativeTarget section */
		0A7773BA1BA3EA8C00BE2C60 /* BullsEye */ = {
			isa = PBXNativeTarget;
			buildConfigurationList = 0A7773DA1BA3EA8C00BE2C60 /* Build configuration list for PBXNativeTarget "BullsEye" */;
			buildPhases = (
				0A7773B71BA3EA8C00BE2C60 /* Sources */,
				0A7773B81BA3EA8C00BE2C60 /* Frameworks */,
				0A7773B91BA3EA8C00BE2C60 /* Resources */,
			);
			buildRules = (
			);
			dependencies = (
			);
			name = BullsEye;
			productName = BullsEye;
			productReference = 0A7773BB1BA3EA8C00BE2C60 /* BullsEye.app */;
			productType = "com.apple.product-type.application";
		};
		0A7773CF1BA3EA8C00BE2C60 /* BullsEyeTests */ = {
			isa = PBXNativeTarget;
			buildConfigurationList = 0A7773DD1BA3EA8C00BE2C60 /* Build configuration list for PBXNativeTarget "BullsEyeTests" */;
			buildPhases = (
				0A7773CC1BA3EA8C00BE2C60 /* Sources */,
				0A7773CD1BA3EA8C00BE2C60 /* Frameworks */,
				0A7773CE1BA3EA8C00BE2C60 /* Resources */,
			);
			buildRules = (
			);
			dependencies = (
				0A7773D21BA3EA8C00BE2C60 /* PBXTargetDependency */,
			);
			name = BullsEyeTests;
			productName = BullsEyeTests;
			productReference = 0A7773D01BA3EA8C00BE2C60 /* BullsEyeTests.xctest */;
			productType = "com.apple.product-type.bundle.unit-test";
		};
/* End PBXNativeTarget section */

/* Begin PBXProject section */
		0A7773B31BA3EA8C00BE2C60 /* Project object */ = {
			isa = PBXProject;
			attributes = {
				LastUpgradeCheck = 0640;
				ORGANIZATIONNAME = "Yoon Kang";
				TargetAttributes = {
					0A7773BA1BA3EA8C00BE2C60 = {
						CreatedOnToolsVersion = 6.4;
					};
					0A7773CF1BA3EA8C00BE2C60 = {
						CreatedOnToolsVersion = 6.4;
						TestTargetID = 0A7773BA1BA3EA8C00BE2C60;
					};
				};
			};
			buildConfigurationList = 0A7773B61BA3EA8C00BE2C60 /* Build configuration list for PBXProject "BullsEye" */;
			compatibilityVersion = "Xcode 3.2";
			developmentRegion = English;
			hasScannedForEncodings = 0;
			knownRegions = (
				en,
				Base,
			);
			mainGroup = 0A7773B21BA3EA8C00BE2C60;
			productRefGroup = 0A7773BC1BA3EA8C00BE2C60 /* Products */;
			projectDirPath = "";
			projectRoot = "";
			targets = (
				0A7773BA1BA3EA8C00BE2C60 /* BullsEye */,
				0A7773CF1BA3EA8C00BE2C60 /* BullsEyeTests */,
			);
		};
/* End PBXProject section */

/* Begin PBXResourcesBuildPhase section */
		0A7773B91BA3EA8C00BE2C60 /* Resources */ = {
			isa = PBXResourcesBuildPhase;
			buildActionMask = 2147483647;
			files = (
				0A7773C61BA3EA8C00BE2C60 /* Main.storyboard in Resources */,
				0A7773CB1BA3EA8C00BE2C60 /* LaunchScreen.xib in Resources */,
				0A7773C81BA3EA8C00BE2C60 /* Images.xcassets in Resources */,
			);
			runOnlyForDeploymentPostprocessing = 0;
		};
		0A7773CE1BA3EA8C00BE2C60 /* Resources */ = {
			isa = PBXResourcesBuildPhase;
			buildActionMask = 2147483647;
			files = (
			);
			runOnlyForDeploymentPostprocessing = 0;
		};
/* End PBXResourcesBuildPhase section */

/* Begin PBXSourcesBuildPhase section */
		0A7773B71BA3EA8C00BE2C60 /* Sources */ = {
			isa = PBXSourcesBuildPhase;
			buildActionMask = 2147483647;
			files = (
				0A7773C31BA3EA8C00BE2C60 /* ViewController.swift in Sources */,
				0A7773C11BA3EA8C00BE2C60 /* AppDelegate.swift in Sources */,
			);
			runOnlyForDeploymentPostprocessing = 0;
		};
		0A7773CC1BA3EA8C00BE2C60 /* Sources */ = {
			isa = PBXSourcesBuildPhase;
			buildActionMask = 2147483647;
			files = (
				0A7773D71BA3EA8C00BE2C60 /* BullsEyeTests.swift in Sources */,
			);
			runOnlyForDeploymentPostprocessing = 0;
		};
/* End PBXSourcesBuildPhase section */

/* Begin PBXTargetDependency section */
		0A7773D21BA3EA8C00BE2C60 /* PBXTargetDependency */ = {
			isa = PBXTargetDependency;
			target = 0A7773BA1BA3EA8C00BE2C60 /* BullsEye */;
			targetProxy = 0A7773D11BA3EA8C00BE2C60 /* PBXContainerItemProxy */;
		};
/* End PBXTargetDependency section */

/* Begin PBXVariantGroup section */
		0A7773C41BA3EA8C00BE2C60 /* Main.storyboard */ = {
			isa = PBXVariantGroup;
			children = (
				0A7773C51BA3EA8C00BE2C60 /* Base */,
			);
			name = Main.storyboard;
			sourceTree = "<group>";
		};
		0A7773C91BA3EA8C00BE2C60 /* LaunchScreen.xib */ = {
			isa = PBXVariantGroup;
			children = (
				0A7773CA1BA3EA8C00BE2C60 /* Base */,
			);
			name = LaunchScreen.xib;
			sourceTree = "<group>";
		};
/* End PBXVariantGroup section */

/* Begin XCBuildConfiguration section */
		0A7773D81BA3EA8C00BE2C60 /* Debug */ = {
			isa = XCBuildConfiguration;
			buildSettings = {
				ALWAYS_SEARCH_USER_PATHS = NO;
				CLANG_CXX_LANGUAGE_STANDARD = "gnu++0x";
				CLANG_CXX_LIBRARY = "libc++";
				CLANG_ENABLE_MODULES = YES;
				CLANG_ENABLE_OBJC_ARC = YES;
				CLANG_WARN_BOOL_CONVERSION = YES;
				CLANG_WARN_CONSTANT_CONVERSION = YES;
				CLANG_WARN_DIRECT_OBJC_ISA_USAGE = YES_ERROR;
				CLANG_WARN_EMPTY_BODY = YES;
				CLANG_WARN_ENUM_CONVERSION = YES;
				CLANG_WARN_INT_CONVERSION = YES;
				CLANG_WARN_OBJC_ROOT_CLASS = YES_ERROR;
				CLANG_WARN_UNREACHABLE_CODE = YES;
				CLANG_WARN__DUPLICATE_METHOD_MATCH = YES;
				"CODE_SIGN_IDENTITY[sdk=iphoneos*]" = "iPhone Developer";
				COPY_PHASE_STRIP = NO;
				DEBUG_INFORMATION_FORMAT = "dwarf-with-dsym";
				ENABLE_STRICT_OBJC_MSGSEND = YES;
				GCC_C_LANGUAGE_STANDARD = gnu99;
				GCC_DYNAMIC_NO_PIC = NO;
				GCC_NO_COMMON_BLOCKS = YES;
				GCC_OPTIMIZATION_LEVEL = 0;
				GCC_PREPROCESSOR_DEFINITIONS = (
					"DEBUG=1",
					"$(inherited)",
				);
				GCC_SYMBOLS_PRIVATE_EXTERN = NO;
				GCC_WARN_64_TO_32_BIT_CONVERSION = YES;
				GCC_WARN_ABOUT_RETURN_TYPE = YES_ERROR;
				GCC_WARN_UNDECLARED_SELECTOR = YES;
				GCC_WARN_UNINITIALIZED_AUTOS = YES_AGGRESSIVE;
				GCC_WARN_UNUSED_FUNCTION = YES;
				GCC_WARN_UNUSED_VARIABLE = YES;
				IPHONEOS_DEPLOYMENT_TARGET = 8.4;
				MTL_ENABLE_DEBUG_INFO = YES;
				ONLY_ACTIVE_ARCH = YES;
				SDKROOT = iphoneos;
				SWIFT_OPTIMIZATION_LEVEL = "-Onone";
			};
			name = Debug;
		};
		0A7773D91BA3EA8C00BE2C60 /* Release */ = {
			isa = XCBuildConfiguration;
			buildSettings = {
				ALWAYS_SEARCH_USER_PATHS = NO;
				CLANG_CXX_LANGUAGE_STANDARD = "gnu++0x";
				CLANG_CXX_LIBRARY = "libc++";
				CLANG_ENABLE_MODULES = YES;
				CLANG_ENABLE_OBJC_ARC = YES;
				CLANG_WARN_BOOL_CONVERSION = YES;
				CLANG_WARN_CONSTANT_CONVERSION = YES;
				CLANG_WARN_DIRECT_OBJC_ISA_USAGE = YES_ERROR;
				CLANG_WARN_EMPTY_BODY = YES;
				CLANG_WARN_ENUM_CONVERSION = YES;
				CLANG_WARN_INT_CONVERSION = YES;
				CLANG_WARN_OBJC_ROOT_CLASS = YES_ERROR;
				CLANG_WARN_UNREACHABLE_CODE = YES;
				CLANG_WARN__DUPLICATE_METHOD_MATCH = YES;
				"CODE_SIGN_IDENTITY[sdk=iphoneos*]" = "iPhone Developer";
				COPY_PHASE_STRIP = NO;
				DEBUG_INFORMATION_FORMAT = "dwarf-with-dsym";
				ENABLE_NS_ASSERTIONS = NO;
				ENABLE_STRICT_OBJC_MSGSEND = YES;
				GCC_C_LANGUAGE_STANDARD = gnu99;
				GCC_NO_COMMON_BLOCKS = YES;
				GCC_WARN_64_TO_32_BIT_CONVERSION = YES;
				GCC_WARN_ABOUT_RETURN_TYPE = YES_ERROR;
				GCC_WARN_UNDECLARED_SELECTOR = YES;
				GCC_WARN_UNINITIALIZED_AUTOS = YES_AGGRESSIVE;
				GCC_WARN_UNUSED_FUNCTION = YES;
				GCC_WARN_UNUSED_VARIABLE = YES;
				IPHONEOS_DEPLOYMENT_TARGET = 8.4;
				MTL_ENABLE_DEBUG_INFO = NO;
				SDKROOT = iphoneos;
				VALIDATE_PRODUCT = YES;
			};
			name = Release;
		};
		0A7773DB1BA3EA8C00BE2C60 /* Debug */ = {
			isa = XCBuildConfiguration;
			buildSettings = {
				ASSETCATALOG_COMPILER_APPICON_NAME = AppIcon;
				INFOPLIST_FILE = BullsEye/Info.plist;
				LD_RUNPATH_SEARCH_PATHS = "$(inherited) @executable_path/Frameworks";
				PRODUCT_NAME = "$(TARGET_NAME)";
			};
			name = Debug;
		};
		0A7773DC1BA3EA8C00BE2C60 /* Release */ = {
			isa = XCBuildConfiguration;
			buildSettings = {
				ASSETCATALOG_COMPILER_APPICON_NAME = AppIcon;
				INFOPLIST_FILE = BullsEye/Info.plist;
				LD_RUNPATH_SEARCH_PATHS = "$(inherited) @executable_path/Frameworks";
				PRODUCT_NAME = "$(TARGET_NAME)";
			};
			name = Release;
		};
		0A7773DE1BA3EA8C00BE2C60 /* Debug */ = {
			isa = XCBuildConfiguration;
			buildSettings = {
				BUNDLE_LOADER = "$(TEST_HOST)";
				FRAMEWORK_SEARCH_PATHS = (
					"$(SDKROOT)/Developer/Library/Frameworks",
					"$(inherited)",
				);
				GCC_PREPROCESSOR_DEFINITIONS = (
					"DEBUG=1",
					"$(inherited)",
				);
				INFOPLIST_FILE = BullsEyeTests/Info.plist;
				LD_RUNPATH_SEARCH_PATHS = "$(inherited) @executable_path/Frameworks @loader_path/Frameworks";
				PRODUCT_NAME = "$(TARGET_NAME)";
				TEST_HOST = "$(BUILT_PRODUCTS_DIR)/BullsEye.app/BullsEye";
			};
			name = Debug;
		};
		0A7773DF1BA3EA8C00BE2C60 /* Release */ = {
			isa = XCBuildConfiguration;
			buildSettings = {
				BUNDLE_LOADER = "$(TEST_HOST)";
				FRAMEWORK_SEARCH_PATHS = (
					"$(SDKROOT)/Developer/Library/Frameworks",
					"$(inherited)",
				);
				INFOPLIST_FILE = BullsEyeTests/Info.plist;
				LD_RUNPATH_SEARCH_PATHS = "$(inherited) @executable_path/Frameworks @loader_path/Frameworks";
				PRODUCT_NAME = "$(TARGET_NAME)";
				TEST_HOST = "$(BUILT_PRODUCTS_DIR)/BullsEye.app/BullsEye";
			};
			name = Release;
		};
/* End XCBuildConfiguration section */

/* Begin XCConfigurationList section */
		0A7773B61BA3EA8C00BE2C60 /* Build configuration list for PBXProject "BullsEye" */ = {
			isa = XCConfigurationList;
			buildConfigurations = (
				0A7773D81BA3EA8C00BE2C60 /* Debug */,
				0A7773D91BA3EA8C00BE2C60 /* Release */,
			);
			defaultConfigurationIsVisible = 0;
			defaultConfigurationName = Release;
		};
		0A7773DA1BA3EA8C00BE2C60 /* Build configuration list for PBXNativeTarget "BullsEye" */ = {
			isa = XCConfigurationList;
			buildConfigurations = (
				0A7773DB1BA3EA8C00BE2C60 /* Debug */,
				0A7773DC1BA3EA8C00BE2C60 /* Release */,
			);
			defaultConfigurationIsVisible = 0;
		};
		0A7773DD1BA3EA8C00BE2C60 /* Build configuration list for PBXNativeTarget "BullsEyeTests" */ = {
			isa = XCConfigurationList;
			buildConfigurations = (
				0A7773DE1BA3EA8C00BE2C60 /* Debug */,
				0A7773DF1BA3EA8C00BE2C60 /* Release */,
			);
			defaultConfigurationIsVisible = 0;
		};
/* End XCConfigurationList section */
	};
	rootObject = 0A7773B31BA3EA8C00BE2C60 /* Project object */;
}
